
Microsoft Visual Studio Solution File, Format Version 12.00
# Visual Studio Version 16
VisualStudioVersion = 16.0.30804.86
MinimumVisualStudioVersion = 10.0.40219.1
Project("{FAE04EC0-301F-11D3-BF4B-00C04F79EFBC}") = "PrintNums0to999", "PrintNums0to999\PrintNums0to999.csproj", "{5E0D7240-E40F-4E70-BA52-6D92EC8E80BB}"
EndProject
Global
	GlobalSection(SolutionConfigurationPlatforms) = preSolution
		Debug|Any CPU = Debug|Any CPU
		Release|Any CPU = Release|Any CPU
	EndGlobalSection
	GlobalSection(ProjectConfigurationPlatforms) = postSolution
		{5E0D7240-E40F-4E70-BA52-6D92EC8E80BB}.Debug|Any CPU.ActiveCfg = Debug|Any CPU
		{5E0D7240-E40F-4E70-BA52-6D92EC8E80BB}.Debug|Any CPU.Build.0 = Debug|Any CPU
		{5E0D7240-E40F-4E70-BA52-6D92EC8E80BB}.Release|Any CPU.ActiveCfg = Release|Any CPU
		{5E0D7240-E40F-4E70-BA52-6D92EC8E80BB}.Release|Any CPU.Build.0 = Release|Any CPU
	EndGlobalSection
	GlobalSection(SolutionProperties) = preSolution
		HideSolutionNode = FALSE
	EndGlobalSection
	GlobalSection(ExtensibilityGlobals) = postSolution
		SolutionGuid = {27F42329-23A5-4F52-8FAC-5A7C13068657}
	EndGlobalSection
EndGlobal
